
Microsoft Visual Studio Solution File, Format Version 12.00
# Visual Studio 15
VisualStudioVersion = 15.0.26228.9
MinimumVisualStudioVersion = 10.0.40219.1
Project("{FAE04EC0-301F-11D3-BF4B-00C04F79EFBC}") = "DbAccessHelper", "DbAccessHelper\DbAccessHelper.csproj", "{10C06D6D-4161-44C5-A62F-ADF260637CBB}"
EndProject
Global
	GlobalSection(SolutionConfigurationPlatforms) = preSolution
		Debug|Any CPU = Debug|Any CPU
		Release|Any CPU = Release|Any CPU
	EndGlobalSection
	GlobalSection(ProjectConfigurationPlatforms) = postSolution
		{10C06D6D-4161-44C5-A62F-ADF260637CBB}.Debug|Any CPU.ActiveCfg = Debug|Any CPU
		{10C06D6D-4161-44C5-A62F-ADF260637CBB}.Debug|Any CPU.Build.0 = Debug|Any CPU
		{10C06D6D-4161-44C5-A62F-ADF260637CBB}.Release|Any CPU.ActiveCfg = Release|Any CPU
		{10C06D6D-4161-44C5-A62F-ADF260637CBB}.Release|Any CPU.Build.0 = Release|Any CPU
		{8254EB8A-5086-49DA-AF61-2CD8B59B335A}.Debug|Any CPU.ActiveCfg = Debug|Any CPU
		{8254EB8A-5086-49DA-AF61-2CD8B59B335A}.Debug|Any CPU.Build.0 = Debug|Any CPU
		{8254EB8A-5086-49DA-AF61-2CD8B59B335A}.Release|Any CPU.ActiveCfg = Release|Any CPU
		{8254EB8A-5086-49DA-AF61-2CD8B59B335A}.Release|Any CPU.Build.0 = Release|Any CPU
		{44497D29-8E75-4A18-80BA-E6B663A75C08}.Debug|Any CPU.ActiveCfg = Debug|Any CPU
		{44497D29-8E75-4A18-80BA-E6B663A75C08}.Debug|Any CPU.Build.0 = Debug|Any CPU
		{44497D29-8E75-4A18-80BA-E6B663A75C08}.Release|Any CPU.ActiveCfg = Release|Any CPU
		{44497D29-8E75-4A18-80BA-E6B663A75C08}.Release|Any CPU.Build.0 = Release|Any CPU
		{8D597A0E-3839-4487-BD52-8FFFD99C9068}.Debug|Any CPU.ActiveCfg = Debug|Any CPU
		{8D597A0E-3839-4487-BD52-8FFFD99C9068}.Debug|Any CPU.Build.0 = Debug|Any CPU
		{8D597A0E-3839-4487-BD52-8FFFD99C9068}.Release|Any CPU.ActiveCfg = Release|Any CPU
		{8D597A0E-3839-4487-BD52-8FFFD99C9068}.Release|Any CPU.Build.0 = Release|Any CPU
	EndGlobalSection
	GlobalSection(SolutionProperties) = preSolution
		HideSolutionNode = FALSE
	EndGlobalSection
EndGlobal
